
Microsoft Visual Studio Solution File, Format Version 12.00
# Visual Studio 15
VisualStudioVersion = 15.0.28307.136
MinimumVisualStudioVersion = 10.0.40219.1
Project("{FAE04EC0-301F-11D3-BF4B-00C04F79EFBC}") = "DatastructureAndAlgorithm", "DatastructureAndAlgorithm\DatastructureAndAlgorithm.csproj", "{B7039CFF-C05F-4C1F-8FBB-04F9A7A02E57}"
EndProject
Global
	GlobalSection(SolutionConfigurationPlatforms) = preSolution
		Debug|Any CPU = Debug|Any CPU
		Release|Any CPU = Release|Any CPU
	EndGlobalSection
	GlobalSection(ProjectConfigurationPlatforms) = postSolution
		{B7039CFF-C05F-4C1F-8FBB-04F9A7A02E57}.Debug|Any CPU.ActiveCfg = Debug|Any CPU
		{B7039CFF-C05F-4C1F-8FBB-04F9A7A02E57}.Debug|Any CPU.Build.0 = Debug|Any CPU
		{B7039CFF-C05F-4C1F-8FBB-04F9A7A02E57}.Release|Any CPU.ActiveCfg = Release|Any CPU
		{B7039CFF-C05F-4C1F-8FBB-04F9A7A02E57}.Release|Any CPU.Build.0 = Release|Any CPU
	EndGlobalSection
	GlobalSection(SolutionProperties) = preSolution
		HideSolutionNode = FALSE
	EndGlobalSection
	GlobalSection(ExtensibilityGlobals) = postSolution
		SolutionGuid = {8F6F6F68-4239-423B-A1A8-026112B83E28}
	EndGlobalSection
EndGlobal
